
Microsoft Visual Studio Solution File, Format Version 12.00
Project("{FAE04EC0-301F-11D3-BF4B-00C04F79EFBC}") = "Dido.PilotFAZ", "Dido.PilotFAZ\Dido.PilotFAZ.csproj", "{5765DBBC-C9A9-4F14-B7A7-E8F9A7B5C4A4}"
EndProject
Global
	GlobalSection(SolutionConfigurationPlatforms) = preSolution
		Debug|Any CPU = Debug|Any CPU
		Release|Any CPU = Release|Any CPU
	EndGlobalSection
	GlobalSection(ProjectConfigurationPlatforms) = postSolution
		{5765DBBC-C9A9-4F14-B7A7-E8F9A7B5C4A4}.Debug|Any CPU.ActiveCfg = Debug|Any CPU
		{5765DBBC-C9A9-4F14-B7A7-E8F9A7B5C4A4}.Debug|Any CPU.Build.0 = Debug|Any CPU
		{5765DBBC-C9A9-4F14-B7A7-E8F9A7B5C4A4}.Release|Any CPU.ActiveCfg = Release|Any CPU
		{5765DBBC-C9A9-4F14-B7A7-E8F9A7B5C4A4}.Release|Any CPU.Build.0 = Release|Any CPU
	EndGlobalSection
EndGlobal
